
Microsoft Visual Studio Solution File, Format Version 12.00
# Visual Studio Version 17
VisualStudioVersion = 17.1.32421.90
MinimumVisualStudioVersion = 10.0.40219.1
Project("{FAE04EC0-301F-11D3-BF4B-00C04F79EFBC}") = "3038-Carta-de-Natal-Criptografada", "3038-Carta-de-Natal-Criptografada.csproj", "{634C0D52-C07D-41A4-B1EF-9900890C8112}"
EndProject
Global
	GlobalSection(SolutionConfigurationPlatforms) = preSolution
		Debug|Any CPU = Debug|Any CPU
		Release|Any CPU = Release|Any CPU
	EndGlobalSection
	GlobalSection(ProjectConfigurationPlatforms) = postSolution
		{634C0D52-C07D-41A4-B1EF-9900890C8112}.Debug|Any CPU.ActiveCfg = Debug|Any CPU
		{634C0D52-C07D-41A4-B1EF-9900890C8112}.Debug|Any CPU.Build.0 = Debug|Any CPU
		{634C0D52-C07D-41A4-B1EF-9900890C8112}.Release|Any CPU.ActiveCfg = Release|Any CPU
		{634C0D52-C07D-41A4-B1EF-9900890C8112}.Release|Any CPU.Build.0 = Release|Any CPU
	EndGlobalSection
	GlobalSection(SolutionProperties) = preSolution
		HideSolutionNode = FALSE
	EndGlobalSection
	GlobalSection(ExtensibilityGlobals) = postSolution
		SolutionGuid = {8EF20020-ADC3-48A3-A9EF-85F9C0071926}
	EndGlobalSection
EndGlobal
