
Microsoft Visual Studio Solution File, Format Version 12.00
# Visual Studio Version 17
VisualStudioVersion = 17.1.32228.430
MinimumVisualStudioVersion = 10.0.40219.1
Project("{FAE04EC0-301F-11D3-BF4B-00C04F79EFBC}") = "2691-O-Matematico", "2691-O-Matematico.csproj", "{7D9689AB-FE2C-40D3-BF2D-A30C04899724}"
EndProject
Global
	GlobalSection(SolutionConfigurationPlatforms) = preSolution
		Debug|Any CPU = Debug|Any CPU
		Release|Any CPU = Release|Any CPU
	EndGlobalSection
	GlobalSection(ProjectConfigurationPlatforms) = postSolution
		{7D9689AB-FE2C-40D3-BF2D-A30C04899724}.Debug|Any CPU.ActiveCfg = Debug|Any CPU
		{7D9689AB-FE2C-40D3-BF2D-A30C04899724}.Debug|Any CPU.Build.0 = Debug|Any CPU
		{7D9689AB-FE2C-40D3-BF2D-A30C04899724}.Release|Any CPU.ActiveCfg = Release|Any CPU
		{7D9689AB-FE2C-40D3-BF2D-A30C04899724}.Release|Any CPU.Build.0 = Release|Any CPU
	EndGlobalSection
	GlobalSection(SolutionProperties) = preSolution
		HideSolutionNode = FALSE
	EndGlobalSection
	GlobalSection(ExtensibilityGlobals) = postSolution
		SolutionGuid = {1ED32806-627E-4C5A-BEE4-7B081F132C4F}
	EndGlobalSection
EndGlobal
