
Microsoft Visual Studio Solution File, Format Version 12.00
# Visual Studio Version 17
VisualStudioVersion = 17.1.32228.430
MinimumVisualStudioVersion = 10.0.40219.1
Project("{FAE04EC0-301F-11D3-BF4B-00C04F79EFBC}") = "2444-Volume-da-TV", "2444-Volume-da-TV.csproj", "{AB817491-4AC7-43BD-93F3-9D226EA54474}"
EndProject
Global
	GlobalSection(SolutionConfigurationPlatforms) = preSolution
		Debug|Any CPU = Debug|Any CPU
		Release|Any CPU = Release|Any CPU
	EndGlobalSection
	GlobalSection(ProjectConfigurationPlatforms) = postSolution
		{AB817491-4AC7-43BD-93F3-9D226EA54474}.Debug|Any CPU.ActiveCfg = Debug|Any CPU
		{AB817491-4AC7-43BD-93F3-9D226EA54474}.Debug|Any CPU.Build.0 = Debug|Any CPU
		{AB817491-4AC7-43BD-93F3-9D226EA54474}.Release|Any CPU.ActiveCfg = Release|Any CPU
		{AB817491-4AC7-43BD-93F3-9D226EA54474}.Release|Any CPU.Build.0 = Release|Any CPU
	EndGlobalSection
	GlobalSection(SolutionProperties) = preSolution
		HideSolutionNode = FALSE
	EndGlobalSection
	GlobalSection(ExtensibilityGlobals) = postSolution
		SolutionGuid = {9001602B-F170-4DC8-8513-BC14007DE6C4}
	EndGlobalSection
EndGlobal
