
Microsoft Visual Studio Solution File, Format Version 12.00
# Visual Studio Version 17
VisualStudioVersion = 17.1.32228.430
MinimumVisualStudioVersion = 10.0.40219.1
Project("{FAE04EC0-301F-11D3-BF4B-00C04F79EFBC}") = "2373-Garçom", "2373-Garçom.csproj", "{D17F1B64-38CE-415A-B915-2F49FEABF1D0}"
EndProject
Global
	GlobalSection(SolutionConfigurationPlatforms) = preSolution
		Debug|Any CPU = Debug|Any CPU
		Release|Any CPU = Release|Any CPU
	EndGlobalSection
	GlobalSection(ProjectConfigurationPlatforms) = postSolution
		{D17F1B64-38CE-415A-B915-2F49FEABF1D0}.Debug|Any CPU.ActiveCfg = Debug|Any CPU
		{D17F1B64-38CE-415A-B915-2F49FEABF1D0}.Debug|Any CPU.Build.0 = Debug|Any CPU
		{D17F1B64-38CE-415A-B915-2F49FEABF1D0}.Release|Any CPU.ActiveCfg = Release|Any CPU
		{D17F1B64-38CE-415A-B915-2F49FEABF1D0}.Release|Any CPU.Build.0 = Release|Any CPU
	EndGlobalSection
	GlobalSection(SolutionProperties) = preSolution
		HideSolutionNode = FALSE
	EndGlobalSection
	GlobalSection(ExtensibilityGlobals) = postSolution
		SolutionGuid = {F3A24F56-5CF6-4099-B630-0A04D8135C52}
	EndGlobalSection
EndGlobal
