
Microsoft Visual Studio Solution File, Format Version 12.00
# Visual Studio Version 17
VisualStudioVersion = 17.1.32421.90
MinimumVisualStudioVersion = 10.0.40219.1
Project("{FAE04EC0-301F-11D3-BF4B-00C04F79EFBC}") = "2654-Godofor", "2654-Godofor.csproj", "{B27F5A56-BE3E-4D97-83CD-962C01B7E11F}"
EndProject
Global
	GlobalSection(SolutionConfigurationPlatforms) = preSolution
		Debug|Any CPU = Debug|Any CPU
		Release|Any CPU = Release|Any CPU
	EndGlobalSection
	GlobalSection(ProjectConfigurationPlatforms) = postSolution
		{B27F5A56-BE3E-4D97-83CD-962C01B7E11F}.Debug|Any CPU.ActiveCfg = Debug|Any CPU
		{B27F5A56-BE3E-4D97-83CD-962C01B7E11F}.Debug|Any CPU.Build.0 = Debug|Any CPU
		{B27F5A56-BE3E-4D97-83CD-962C01B7E11F}.Release|Any CPU.ActiveCfg = Release|Any CPU
		{B27F5A56-BE3E-4D97-83CD-962C01B7E11F}.Release|Any CPU.Build.0 = Release|Any CPU
	EndGlobalSection
	GlobalSection(SolutionProperties) = preSolution
		HideSolutionNode = FALSE
	EndGlobalSection
	GlobalSection(ExtensibilityGlobals) = postSolution
		SolutionGuid = {550B2924-A144-4CFC-9CFE-371E67F6D49E}
	EndGlobalSection
EndGlobal
