
Microsoft Visual Studio Solution File, Format Version 12.00
# Visual Studio Version 17
VisualStudioVersion = 17.1.32228.430
MinimumVisualStudioVersion = 10.0.40219.1
Project("{FAE04EC0-301F-11D3-BF4B-00C04F79EFBC}") = "C-Sharp", "C-Sharp.csproj", "{C39D953B-868F-4D1E-8A70-06D37C509C2D}"
EndProject
Global
	GlobalSection(SolutionConfigurationPlatforms) = preSolution
		Debug|Any CPU = Debug|Any CPU
		Release|Any CPU = Release|Any CPU
	EndGlobalSection
	GlobalSection(ProjectConfigurationPlatforms) = postSolution
		{C39D953B-868F-4D1E-8A70-06D37C509C2D}.Debug|Any CPU.ActiveCfg = Debug|Any CPU
		{C39D953B-868F-4D1E-8A70-06D37C509C2D}.Debug|Any CPU.Build.0 = Debug|Any CPU
		{C39D953B-868F-4D1E-8A70-06D37C509C2D}.Release|Any CPU.ActiveCfg = Release|Any CPU
		{C39D953B-868F-4D1E-8A70-06D37C509C2D}.Release|Any CPU.Build.0 = Release|Any CPU
	EndGlobalSection
	GlobalSection(SolutionProperties) = preSolution
		HideSolutionNode = FALSE
	EndGlobalSection
	GlobalSection(ExtensibilityGlobals) = postSolution
		SolutionGuid = {2EE79C3A-C33B-421D-9161-A83F14AAF911}
	EndGlobalSection
EndGlobal
