
Microsoft Visual Studio Solution File, Format Version 12.00
# Visual Studio Version 17
VisualStudioVersion = 17.1.32228.430
MinimumVisualStudioVersion = 10.0.40219.1
Project("{FAE04EC0-301F-11D3-BF4B-00C04F79EFBC}") = "2423-Receita-de-Bolo", "2423-Receita-de-Bolo.csproj", "{64D05D94-E130-46EF-80B7-2F9CE8859795}"
EndProject
Global
	GlobalSection(SolutionConfigurationPlatforms) = preSolution
		Debug|Any CPU = Debug|Any CPU
		Release|Any CPU = Release|Any CPU
	EndGlobalSection
	GlobalSection(ProjectConfigurationPlatforms) = postSolution
		{64D05D94-E130-46EF-80B7-2F9CE8859795}.Debug|Any CPU.ActiveCfg = Debug|Any CPU
		{64D05D94-E130-46EF-80B7-2F9CE8859795}.Debug|Any CPU.Build.0 = Debug|Any CPU
		{64D05D94-E130-46EF-80B7-2F9CE8859795}.Release|Any CPU.ActiveCfg = Release|Any CPU
		{64D05D94-E130-46EF-80B7-2F9CE8859795}.Release|Any CPU.Build.0 = Release|Any CPU
	EndGlobalSection
	GlobalSection(SolutionProperties) = preSolution
		HideSolutionNode = FALSE
	EndGlobalSection
	GlobalSection(ExtensibilityGlobals) = postSolution
		SolutionGuid = {4E90E926-DBC5-459F-877A-028171B99747}
	EndGlobalSection
EndGlobal
