
Microsoft Visual Studio Solution File, Format Version 12.00
# Visual Studio Version 17
VisualStudioVersion = 17.1.32228.430
MinimumVisualStudioVersion = 10.0.40219.1
Project("{FAE04EC0-301F-11D3-BF4B-00C04F79EFBC}") = "1805-Soma-Natural", "1805-Soma-Natural.csproj", "{13AEEF58-782B-41BA-8D98-F2C412D1E5EB}"
EndProject
Global
	GlobalSection(SolutionConfigurationPlatforms) = preSolution
		Debug|Any CPU = Debug|Any CPU
		Release|Any CPU = Release|Any CPU
	EndGlobalSection
	GlobalSection(ProjectConfigurationPlatforms) = postSolution
		{13AEEF58-782B-41BA-8D98-F2C412D1E5EB}.Debug|Any CPU.ActiveCfg = Debug|Any CPU
		{13AEEF58-782B-41BA-8D98-F2C412D1E5EB}.Debug|Any CPU.Build.0 = Debug|Any CPU
		{13AEEF58-782B-41BA-8D98-F2C412D1E5EB}.Release|Any CPU.ActiveCfg = Release|Any CPU
		{13AEEF58-782B-41BA-8D98-F2C412D1E5EB}.Release|Any CPU.Build.0 = Release|Any CPU
	EndGlobalSection
	GlobalSection(SolutionProperties) = preSolution
		HideSolutionNode = FALSE
	EndGlobalSection
	GlobalSection(ExtensibilityGlobals) = postSolution
		SolutionGuid = {193233E4-DFD9-4C46-B3EF-532DAEBB5282}
	EndGlobalSection
EndGlobal
