
Microsoft Visual Studio Solution File, Format Version 12.00
# Visual Studio Version 17
VisualStudioVersion = 17.1.32228.430
MinimumVisualStudioVersion = 10.0.40219.1
Project("{FAE04EC0-301F-11D3-BF4B-00C04F79EFBC}") = "2690-Nova-Senha-RA", "2690-Nova-Senha-RA.csproj", "{4AA97D20-26EB-4E30-A355-AB28C252857C}"
EndProject
Global
	GlobalSection(SolutionConfigurationPlatforms) = preSolution
		Debug|Any CPU = Debug|Any CPU
		Release|Any CPU = Release|Any CPU
	EndGlobalSection
	GlobalSection(ProjectConfigurationPlatforms) = postSolution
		{4AA97D20-26EB-4E30-A355-AB28C252857C}.Debug|Any CPU.ActiveCfg = Debug|Any CPU
		{4AA97D20-26EB-4E30-A355-AB28C252857C}.Debug|Any CPU.Build.0 = Debug|Any CPU
		{4AA97D20-26EB-4E30-A355-AB28C252857C}.Release|Any CPU.ActiveCfg = Release|Any CPU
		{4AA97D20-26EB-4E30-A355-AB28C252857C}.Release|Any CPU.Build.0 = Release|Any CPU
	EndGlobalSection
	GlobalSection(SolutionProperties) = preSolution
		HideSolutionNode = FALSE
	EndGlobalSection
	GlobalSection(ExtensibilityGlobals) = postSolution
		SolutionGuid = {59D0F24F-49BE-45C7-A691-31AA278F58A8}
	EndGlobalSection
EndGlobal
