
Microsoft Visual Studio Solution File, Format Version 12.00
# Visual Studio Version 17
VisualStudioVersion = 17.1.32228.430
MinimumVisualStudioVersion = 10.0.40219.1
Project("{FAE04EC0-301F-11D3-BF4B-00C04F79EFBC}") = "2712-Rodizio-Veicular", "2712-Rodizio-Veicular.csproj", "{D1810B69-66D6-45BA-B016-576F0766DC63}"
EndProject
Global
	GlobalSection(SolutionConfigurationPlatforms) = preSolution
		Debug|Any CPU = Debug|Any CPU
		Release|Any CPU = Release|Any CPU
	EndGlobalSection
	GlobalSection(ProjectConfigurationPlatforms) = postSolution
		{D1810B69-66D6-45BA-B016-576F0766DC63}.Debug|Any CPU.ActiveCfg = Debug|Any CPU
		{D1810B69-66D6-45BA-B016-576F0766DC63}.Debug|Any CPU.Build.0 = Debug|Any CPU
		{D1810B69-66D6-45BA-B016-576F0766DC63}.Release|Any CPU.ActiveCfg = Release|Any CPU
		{D1810B69-66D6-45BA-B016-576F0766DC63}.Release|Any CPU.Build.0 = Release|Any CPU
	EndGlobalSection
	GlobalSection(SolutionProperties) = preSolution
		HideSolutionNode = FALSE
	EndGlobalSection
	GlobalSection(ExtensibilityGlobals) = postSolution
		SolutionGuid = {6CF6230F-DA8A-41D0-915A-74982B35BE00}
	EndGlobalSection
EndGlobal
