
Microsoft Visual Studio Solution File, Format Version 12.00
# Visual Studio Version 17
VisualStudioVersion = 17.1.32228.430
MinimumVisualStudioVersion = 10.0.40219.1
Project("{FAE04EC0-301F-11D3-BF4B-00C04F79EFBC}") = "3146-Charadas-no-Escuro", "3146-Charadas-no-Escuro.csproj", "{FFEC34A9-EC31-43C1-A682-ABF6CC091160}"
EndProject
Global
	GlobalSection(SolutionConfigurationPlatforms) = preSolution
		Debug|Any CPU = Debug|Any CPU
		Release|Any CPU = Release|Any CPU
	EndGlobalSection
	GlobalSection(ProjectConfigurationPlatforms) = postSolution
		{FFEC34A9-EC31-43C1-A682-ABF6CC091160}.Debug|Any CPU.ActiveCfg = Debug|Any CPU
		{FFEC34A9-EC31-43C1-A682-ABF6CC091160}.Debug|Any CPU.Build.0 = Debug|Any CPU
		{FFEC34A9-EC31-43C1-A682-ABF6CC091160}.Release|Any CPU.ActiveCfg = Release|Any CPU
		{FFEC34A9-EC31-43C1-A682-ABF6CC091160}.Release|Any CPU.Build.0 = Release|Any CPU
	EndGlobalSection
	GlobalSection(SolutionProperties) = preSolution
		HideSolutionNode = FALSE
	EndGlobalSection
	GlobalSection(ExtensibilityGlobals) = postSolution
		SolutionGuid = {4A9F5D69-6FDB-4763-BD16-500BFD2D61E7}
	EndGlobalSection
EndGlobal
