
Microsoft Visual Studio Solution File, Format Version 12.00
# Visual Studio Version 17
VisualStudioVersion = 17.1.32421.90
MinimumVisualStudioVersion = 10.0.40219.1
Project("{FAE04EC0-301F-11D3-BF4B-00C04F79EFBC}") = "3088-Correcao-de-Texto", "3088-Correcao-de-Texto.csproj", "{724ACBA2-2690-43FC-82A2-279280509FEC}"
EndProject
Global
	GlobalSection(SolutionConfigurationPlatforms) = preSolution
		Debug|Any CPU = Debug|Any CPU
		Release|Any CPU = Release|Any CPU
	EndGlobalSection
	GlobalSection(ProjectConfigurationPlatforms) = postSolution
		{724ACBA2-2690-43FC-82A2-279280509FEC}.Debug|Any CPU.ActiveCfg = Debug|Any CPU
		{724ACBA2-2690-43FC-82A2-279280509FEC}.Debug|Any CPU.Build.0 = Debug|Any CPU
		{724ACBA2-2690-43FC-82A2-279280509FEC}.Release|Any CPU.ActiveCfg = Release|Any CPU
		{724ACBA2-2690-43FC-82A2-279280509FEC}.Release|Any CPU.Build.0 = Release|Any CPU
	EndGlobalSection
	GlobalSection(SolutionProperties) = preSolution
		HideSolutionNode = FALSE
	EndGlobalSection
	GlobalSection(ExtensibilityGlobals) = postSolution
		SolutionGuid = {85A0BE32-6677-4EC0-9563-897C028248B0}
	EndGlobalSection
EndGlobal
