
Microsoft Visual Studio Solution File, Format Version 12.00
# Visual Studio Version 17
VisualStudioVersion = 17.1.32228.430
MinimumVisualStudioVersion = 10.0.40219.1
Project("{FAE04EC0-301F-11D3-BF4B-00C04F79EFBC}") = "1000-Hello-World", "1000-Hello-World.csproj", "{7FBD1A3E-20D5-4527-AE46-CE5308E43E4E}"
EndProject
Global
	GlobalSection(SolutionConfigurationPlatforms) = preSolution
		Debug|Any CPU = Debug|Any CPU
		Release|Any CPU = Release|Any CPU
	EndGlobalSection
	GlobalSection(ProjectConfigurationPlatforms) = postSolution
		{7FBD1A3E-20D5-4527-AE46-CE5308E43E4E}.Debug|Any CPU.ActiveCfg = Debug|Any CPU
		{7FBD1A3E-20D5-4527-AE46-CE5308E43E4E}.Debug|Any CPU.Build.0 = Debug|Any CPU
		{7FBD1A3E-20D5-4527-AE46-CE5308E43E4E}.Release|Any CPU.ActiveCfg = Release|Any CPU
		{7FBD1A3E-20D5-4527-AE46-CE5308E43E4E}.Release|Any CPU.Build.0 = Release|Any CPU
	EndGlobalSection
	GlobalSection(SolutionProperties) = preSolution
		HideSolutionNode = FALSE
	EndGlobalSection
	GlobalSection(ExtensibilityGlobals) = postSolution
		SolutionGuid = {C614839D-B706-45E4-B58C-D4B88C5BC2DB}
	EndGlobalSection
EndGlobal
