
Microsoft Visual Studio Solution File, Format Version 12.00
# Visual Studio Version 17
VisualStudioVersion = 17.1.32228.430
MinimumVisualStudioVersion = 10.0.40219.1
Project("{FAE04EC0-301F-11D3-BF4B-00C04F79EFBC}") = "2518-Escada-do-DINF", "2518-Escada-do-DINF.csproj", "{08376EF9-E4C5-437E-8025-D12B957B2BC2}"
EndProject
Global
	GlobalSection(SolutionConfigurationPlatforms) = preSolution
		Debug|Any CPU = Debug|Any CPU
		Release|Any CPU = Release|Any CPU
	EndGlobalSection
	GlobalSection(ProjectConfigurationPlatforms) = postSolution
		{08376EF9-E4C5-437E-8025-D12B957B2BC2}.Debug|Any CPU.ActiveCfg = Debug|Any CPU
		{08376EF9-E4C5-437E-8025-D12B957B2BC2}.Debug|Any CPU.Build.0 = Debug|Any CPU
		{08376EF9-E4C5-437E-8025-D12B957B2BC2}.Release|Any CPU.ActiveCfg = Release|Any CPU
		{08376EF9-E4C5-437E-8025-D12B957B2BC2}.Release|Any CPU.Build.0 = Release|Any CPU
	EndGlobalSection
	GlobalSection(SolutionProperties) = preSolution
		HideSolutionNode = FALSE
	EndGlobalSection
	GlobalSection(ExtensibilityGlobals) = postSolution
		SolutionGuid = {23094658-C1B4-4096-BA1C-E37C14986692}
	EndGlobalSection
EndGlobal
