
Microsoft Visual Studio Solution File, Format Version 12.00
# Visual Studio Version 17
VisualStudioVersion = 17.1.32228.430
MinimumVisualStudioVersion = 10.0.40219.1
Project("{FAE04EC0-301F-11D3-BF4B-00C04F79EFBC}") = "3358-Sobrenome-Não-é-Fácil", "3358-Sobrenome-Não-é-Fácil.csproj", "{B3EB36C3-9584-4B00-AEDC-9D745EDAB75B}"
EndProject
Global
	GlobalSection(SolutionConfigurationPlatforms) = preSolution
		Debug|Any CPU = Debug|Any CPU
		Release|Any CPU = Release|Any CPU
	EndGlobalSection
	GlobalSection(ProjectConfigurationPlatforms) = postSolution
		{B3EB36C3-9584-4B00-AEDC-9D745EDAB75B}.Debug|Any CPU.ActiveCfg = Debug|Any CPU
		{B3EB36C3-9584-4B00-AEDC-9D745EDAB75B}.Debug|Any CPU.Build.0 = Debug|Any CPU
		{B3EB36C3-9584-4B00-AEDC-9D745EDAB75B}.Release|Any CPU.ActiveCfg = Release|Any CPU
		{B3EB36C3-9584-4B00-AEDC-9D745EDAB75B}.Release|Any CPU.Build.0 = Release|Any CPU
	EndGlobalSection
	GlobalSection(SolutionProperties) = preSolution
		HideSolutionNode = FALSE
	EndGlobalSection
	GlobalSection(ExtensibilityGlobals) = postSolution
		SolutionGuid = {D4C6A954-1259-4612-8225-88E0F417B16C}
	EndGlobalSection
EndGlobal
